
Microsoft Visual Studio Solution File, Format Version 12.00
# Visual Studio Version 17
VisualStudioVersion = 17.1.31903.286
MinimumVisualStudioVersion = 10.0.40219.1
Project("{2150E333-8FDC-42A3-9474-1A3956D46DE8}") = "Solution Items", "Solution Items", "{FAC3FC96-CF98-423A-A096-8871B725BBB5}"
	ProjectSection(SolutionItems) = preProject
		.editorconfig = .editorconfig
		README.md = README.md
		.github\workflows\smabAdventOfCode.yml = .github\workflows\smabAdventOfCode.yml
		Data\yyyy_dd._username.txt = Data\yyyy_dd._username.txt
	EndProjectSection
EndProject
Project("{9A19103F-16F7-4668-BE54-9A1E7A4F7556}") = "AdventOfCode.Console", "Console\AdventOfCode.Console.csproj", "{CF3A5B6F-1326-4B69-861A-92C98272843A}"
EndProject
Project("{9A19103F-16F7-4668-BE54-9A1E7A4F7556}") = "AdventOfCode.Solutions.Router", "Solutions\Router\AdventOfCode.Solutions.Router.csproj", "{03D0E614-3441-4A0C-8749-8B2D6C837405}"
EndProject
Project("{9A19103F-16F7-4668-BE54-9A1E7A4F7556}") = "AdventOfCode.Web", "Web\AdventOfCode.Web.csproj", "{F026D8F9-0780-4816-9D6E-B7763F9D9A27}"
EndProject
Project("{9A19103F-16F7-4668-BE54-9A1E7A4F7556}") = "AdventOfCode.SharedUI", "SharedUI\AdventOfCode.SharedUI.csproj", "{A9DF97C9-1C68-4ED5-A6EF-0D12EC383B4D}"
EndProject
Project("{2150E333-8FDC-42A3-9474-1A3956D46DE8}") = "Shared", "Shared", "{16044C89-8169-4771-9B20-9780E74C8D51}"
EndProject
Project("{2150E333-8FDC-42A3-9474-1A3956D46DE8}") = "Testing", "Testing", "{BE373B6C-BB7D-4721-9BC1-0208BB78B0D5}"
EndProject
Project("{2150E333-8FDC-42A3-9474-1A3956D46DE8}") = "Console", "Console", "{45A11EFE-159E-4743-8A6F-F035736B6D4F}"
EndProject
Project("{2150E333-8FDC-42A3-9474-1A3956D46DE8}") = "Web", "Web", "{359A3BE8-CD8E-455A-B9E8-3EC1D5D37F37}"
EndProject
Project("{9A19103F-16F7-4668-BE54-9A1E7A4F7556}") = "AdventOfCode.Tests.2015", "Tests\2015\AdventOfCode.Tests.2015.csproj", "{EB248304-BA5C-4215-A34F-C6D9C1283ACA}"
EndProject
Project("{9A19103F-16F7-4668-BE54-9A1E7A4F7556}") = "AdventOfCode.Tests.2019", "Tests\2019\AdventOfCode.Tests.2019.csproj", "{CC2118B9-96C9-4165-A826-D151D7BC97C6}"
EndProject
Project("{9A19103F-16F7-4668-BE54-9A1E7A4F7556}") = "AdventOfCode.Tests.2020", "Tests\2020\AdventOfCode.Tests.2020.csproj", "{E08440AD-E6A3-4AD7-9890-E8AA1AA83086}"
EndProject
Project("{9A19103F-16F7-4668-BE54-9A1E7A4F7556}") = "AdventOfCode.Tests.2021", "Tests\2021\AdventOfCode.Tests.2021.csproj", "{1BE8C754-FB9B-424C-8B40-DDAC1BBE6AF6}"
EndProject
Project("{9A19103F-16F7-4668-BE54-9A1E7A4F7556}") = "AdventOfCode.Tests.2022", "Tests\2022\AdventOfCode.Tests.2022.csproj", "{0F405F56-4C5F-41B6-9AF5-D47B731AF7AC}"
EndProject
Project("{2150E333-8FDC-42A3-9474-1A3956D46DE8}") = "Solutions", "Solutions", "{0E2403F5-DB07-48D7-B90F-A59012F1A227}"
EndProject
Project("{9A19103F-16F7-4668-BE54-9A1E7A4F7556}") = "AdventOfCode.Solutions.2015", "Solutions\2015\AdventOfCode.Solutions.2015.csproj", "{BDC958AF-EE8D-4AA9-A592-EF6725BD2942}"
EndProject
Project("{9A19103F-16F7-4668-BE54-9A1E7A4F7556}") = "AdventOfCode.Solutions.2019", "Solutions\2019\AdventOfCode.Solutions.2019.csproj", "{CB9DC1E0-4FA3-414D-9B2F-93AD5ADEDDD6}"
EndProject
Project("{9A19103F-16F7-4668-BE54-9A1E7A4F7556}") = "AdventOfCode.Solutions.2020", "Solutions\2020\AdventOfCode.Solutions.2020.csproj", "{F3B92C8A-7399-4CD1-925E-8FD0DBF29BBD}"
EndProject
Project("{9A19103F-16F7-4668-BE54-9A1E7A4F7556}") = "AdventOfCode.Solutions.2021", "Solutions\2021\AdventOfCode.Solutions.2021.csproj", "{C60FA015-1FDF-4E69-A7D6-24A8A80CE22A}"
EndProject
Project("{9A19103F-16F7-4668-BE54-9A1E7A4F7556}") = "AdventOfCode.Solutions.2022", "Solutions\2022\AdventOfCode.Solutions.2022.csproj", "{F5373FE4-FDAA-435E-862E-A0CDF61A36A5}"
EndProject
Project("{2150E333-8FDC-42A3-9474-1A3956D46DE8}") = "Current", "Current", "{B17FD34E-D22B-477A-94BF-061C854BD713}"
EndProject
Global
	GlobalSection(SolutionConfigurationPlatforms) = preSolution
		Debug|Any CPU = Debug|Any CPU
		Release|Any CPU = Release|Any CPU
	EndGlobalSection
	GlobalSection(ProjectConfigurationPlatforms) = postSolution
		{CF3A5B6F-1326-4B69-861A-92C98272843A}.Debug|Any CPU.ActiveCfg = Debug|Any CPU
		{CF3A5B6F-1326-4B69-861A-92C98272843A}.Debug|Any CPU.Build.0 = Debug|Any CPU
		{CF3A5B6F-1326-4B69-861A-92C98272843A}.Release|Any CPU.ActiveCfg = Release|Any CPU
		{CF3A5B6F-1326-4B69-861A-92C98272843A}.Release|Any CPU.Build.0 = Release|Any CPU
		{03D0E614-3441-4A0C-8749-8B2D6C837405}.Debug|Any CPU.ActiveCfg = Debug|Any CPU
		{03D0E614-3441-4A0C-8749-8B2D6C837405}.Debug|Any CPU.Build.0 = Debug|Any CPU
		{03D0E614-3441-4A0C-8749-8B2D6C837405}.Release|Any CPU.ActiveCfg = Release|Any CPU
		{03D0E614-3441-4A0C-8749-8B2D6C837405}.Release|Any CPU.Build.0 = Release|Any CPU
		{F026D8F9-0780-4816-9D6E-B7763F9D9A27}.Debug|Any CPU.ActiveCfg = Debug|Any CPU
		{F026D8F9-0780-4816-9D6E-B7763F9D9A27}.Debug|Any CPU.Build.0 = Debug|Any CPU
		{F026D8F9-0780-4816-9D6E-B7763F9D9A27}.Release|Any CPU.ActiveCfg = Release|Any CPU
		{F026D8F9-0780-4816-9D6E-B7763F9D9A27}.Release|Any CPU.Build.0 = Release|Any CPU
		{A9DF97C9-1C68-4ED5-A6EF-0D12EC383B4D}.Debug|Any CPU.ActiveCfg = Debug|Any CPU
		{A9DF97C9-1C68-4ED5-A6EF-0D12EC383B4D}.Debug|Any CPU.Build.0 = Debug|Any CPU
		{A9DF97C9-1C68-4ED5-A6EF-0D12EC383B4D}.Release|Any CPU.ActiveCfg = Release|Any CPU
		{A9DF97C9-1C68-4ED5-A6EF-0D12EC383B4D}.Release|Any CPU.Build.0 = Release|Any CPU
		{EB248304-BA5C-4215-A34F-C6D9C1283ACA}.Debug|Any CPU.ActiveCfg = Debug|Any CPU
		{EB248304-BA5C-4215-A34F-C6D9C1283ACA}.Debug|Any CPU.Build.0 = Debug|Any CPU
		{EB248304-BA5C-4215-A34F-C6D9C1283ACA}.Release|Any CPU.ActiveCfg = Release|Any CPU
		{EB248304-BA5C-4215-A34F-C6D9C1283ACA}.Release|Any CPU.Build.0 = Release|Any CPU
		{CC2118B9-96C9-4165-A826-D151D7BC97C6}.Debug|Any CPU.ActiveCfg = Debug|Any CPU
		{CC2118B9-96C9-4165-A826-D151D7BC97C6}.Debug|Any CPU.Build.0 = Debug|Any CPU
		{CC2118B9-96C9-4165-A826-D151D7BC97C6}.Release|Any CPU.ActiveCfg = Release|Any CPU
		{CC2118B9-96C9-4165-A826-D151D7BC97C6}.Release|Any CPU.Build.0 = Release|Any CPU
		{E08440AD-E6A3-4AD7-9890-E8AA1AA83086}.Debug|Any CPU.ActiveCfg = Debug|Any CPU
		{E08440AD-E6A3-4AD7-9890-E8AA1AA83086}.Debug|Any CPU.Build.0 = Debug|Any CPU
		{E08440AD-E6A3-4AD7-9890-E8AA1AA83086}.Release|Any CPU.ActiveCfg = Release|Any CPU
		{E08440AD-E6A3-4AD7-9890-E8AA1AA83086}.Release|Any CPU.Build.0 = Release|Any CPU
		{1BE8C754-FB9B-424C-8B40-DDAC1BBE6AF6}.Debug|Any CPU.ActiveCfg = Debug|Any CPU
		{1BE8C754-FB9B-424C-8B40-DDAC1BBE6AF6}.Debug|Any CPU.Build.0 = Debug|Any CPU
		{1BE8C754-FB9B-424C-8B40-DDAC1BBE6AF6}.Release|Any CPU.ActiveCfg = Release|Any CPU
		{1BE8C754-FB9B-424C-8B40-DDAC1BBE6AF6}.Release|Any CPU.Build.0 = Release|Any CPU
		{0F405F56-4C5F-41B6-9AF5-D47B731AF7AC}.Debug|Any CPU.ActiveCfg = Debug|Any CPU
		{0F405F56-4C5F-41B6-9AF5-D47B731AF7AC}.Debug|Any CPU.Build.0 = Debug|Any CPU
		{0F405F56-4C5F-41B6-9AF5-D47B731AF7AC}.Release|Any CPU.ActiveCfg = Release|Any CPU
		{0F405F56-4C5F-41B6-9AF5-D47B731AF7AC}.Release|Any CPU.Build.0 = Release|Any CPU
		{BDC958AF-EE8D-4AA9-A592-EF6725BD2942}.Debug|Any CPU.ActiveCfg = Debug|Any CPU
		{BDC958AF-EE8D-4AA9-A592-EF6725BD2942}.Debug|Any CPU.Build.0 = Debug|Any CPU
		{BDC958AF-EE8D-4AA9-A592-EF6725BD2942}.Release|Any CPU.ActiveCfg = Release|Any CPU
		{BDC958AF-EE8D-4AA9-A592-EF6725BD2942}.Release|Any CPU.Build.0 = Release|Any CPU
		{CB9DC1E0-4FA3-414D-9B2F-93AD5ADEDDD6}.Debug|Any CPU.ActiveCfg = Debug|Any CPU
		{CB9DC1E0-4FA3-414D-9B2F-93AD5ADEDDD6}.Debug|Any CPU.Build.0 = Debug|Any CPU
		{CB9DC1E0-4FA3-414D-9B2F-93AD5ADEDDD6}.Release|Any CPU.ActiveCfg = Release|Any CPU
		{CB9DC1E0-4FA3-414D-9B2F-93AD5ADEDDD6}.Release|Any CPU.Build.0 = Release|Any CPU
		{F3B92C8A-7399-4CD1-925E-8FD0DBF29BBD}.Debug|Any CPU.ActiveCfg = Debug|Any CPU
		{F3B92C8A-7399-4CD1-925E-8FD0DBF29BBD}.Debug|Any CPU.Build.0 = Debug|Any CPU
		{F3B92C8A-7399-4CD1-925E-8FD0DBF29BBD}.Release|Any CPU.ActiveCfg = Release|Any CPU
		{F3B92C8A-7399-4CD1-925E-8FD0DBF29BBD}.Release|Any CPU.Build.0 = Release|Any CPU
		{C60FA015-1FDF-4E69-A7D6-24A8A80CE22A}.Debug|Any CPU.ActiveCfg = Debug|Any CPU
		{C60FA015-1FDF-4E69-A7D6-24A8A80CE22A}.Debug|Any CPU.Build.0 = Debug|Any CPU
		{C60FA015-1FDF-4E69-A7D6-24A8A80CE22A}.Release|Any CPU.ActiveCfg = Release|Any CPU
		{C60FA015-1FDF-4E69-A7D6-24A8A80CE22A}.Release|Any CPU.Build.0 = Release|Any CPU
		{F5373FE4-FDAA-435E-862E-A0CDF61A36A5}.Debug|Any CPU.ActiveCfg = Debug|Any CPU
		{F5373FE4-FDAA-435E-862E-A0CDF61A36A5}.Debug|Any CPU.Build.0 = Debug|Any CPU
		{F5373FE4-FDAA-435E-862E-A0CDF61A36A5}.Release|Any CPU.ActiveCfg = Release|Any CPU
		{F5373FE4-FDAA-435E-862E-A0CDF61A36A5}.Release|Any CPU.Build.0 = Release|Any CPU
	EndGlobalSection
	GlobalSection(SolutionProperties) = preSolution
		HideSolutionNode = FALSE
	EndGlobalSection
	GlobalSection(NestedProjects) = preSolution
		{CF3A5B6F-1326-4B69-861A-92C98272843A} = {45A11EFE-159E-4743-8A6F-F035736B6D4F}
		{03D0E614-3441-4A0C-8749-8B2D6C837405} = {16044C89-8169-4771-9B20-9780E74C8D51}
		{F026D8F9-0780-4816-9D6E-B7763F9D9A27} = {359A3BE8-CD8E-455A-B9E8-3EC1D5D37F37}
		{A9DF97C9-1C68-4ED5-A6EF-0D12EC383B4D} = {16044C89-8169-4771-9B20-9780E74C8D51}
		{EB248304-BA5C-4215-A34F-C6D9C1283ACA} = {BE373B6C-BB7D-4721-9BC1-0208BB78B0D5}
		{CC2118B9-96C9-4165-A826-D151D7BC97C6} = {BE373B6C-BB7D-4721-9BC1-0208BB78B0D5}
		{E08440AD-E6A3-4AD7-9890-E8AA1AA83086} = {BE373B6C-BB7D-4721-9BC1-0208BB78B0D5}
		{1BE8C754-FB9B-424C-8B40-DDAC1BBE6AF6} = {BE373B6C-BB7D-4721-9BC1-0208BB78B0D5}
		{0F405F56-4C5F-41B6-9AF5-D47B731AF7AC} = {BE373B6C-BB7D-4721-9BC1-0208BB78B0D5}
		{BDC958AF-EE8D-4AA9-A592-EF6725BD2942} = {0E2403F5-DB07-48D7-B90F-A59012F1A227}
		{CB9DC1E0-4FA3-414D-9B2F-93AD5ADEDDD6} = {0E2403F5-DB07-48D7-B90F-A59012F1A227}
		{F3B92C8A-7399-4CD1-925E-8FD0DBF29BBD} = {0E2403F5-DB07-48D7-B90F-A59012F1A227}
		{C60FA015-1FDF-4E69-A7D6-24A8A80CE22A} = {0E2403F5-DB07-48D7-B90F-A59012F1A227}
		{F5373FE4-FDAA-435E-862E-A0CDF61A36A5} = {0E2403F5-DB07-48D7-B90F-A59012F1A227}
	EndGlobalSection
	GlobalSection(ExtensibilityGlobals) = postSolution
		SolutionGuid = {4A54B320-6F3A-4DDC-AA01-887E5AAE5660}
	EndGlobalSection
EndGlobal
